
Microsoft Visual Studio Solution File, Format Version 12.00
# Visual Studio Version 16
VisualStudioVersion = 16.0.31624.102
MinimumVisualStudioVersion = 10.0.40219.1
Project("{FAE04EC0-301F-11D3-BF4B-00C04F79EFBC}") = "laba1", "laba1\laba1.csproj", "{89A56E85-AFF6-4833-8CE1-2B009DE7FBE0}"
EndProject
Global
	GlobalSection(SolutionConfigurationPlatforms) = preSolution
		Debug|Any CPU = Debug|Any CPU
		Release|Any CPU = Release|Any CPU
	EndGlobalSection
	GlobalSection(ProjectConfigurationPlatforms) = postSolution
		{89A56E85-AFF6-4833-8CE1-2B009DE7FBE0}.Debug|Any CPU.ActiveCfg = Debug|Any CPU
		{89A56E85-AFF6-4833-8CE1-2B009DE7FBE0}.Debug|Any CPU.Build.0 = Debug|Any CPU
		{89A56E85-AFF6-4833-8CE1-2B009DE7FBE0}.Release|Any CPU.ActiveCfg = Release|Any CPU
		{89A56E85-AFF6-4833-8CE1-2B009DE7FBE0}.Release|Any CPU.Build.0 = Release|Any CPU
	EndGlobalSection
	GlobalSection(SolutionProperties) = preSolution
		HideSolutionNode = FALSE
	EndGlobalSection
	GlobalSection(ExtensibilityGlobals) = postSolution
		SolutionGuid = {3E956F12-D178-41C8-80EF-EFA16945C4B0}
	EndGlobalSection
EndGlobal
